
Microsoft Visual Studio Solution File, Format Version 12.00
# Visual Studio Version 16
VisualStudioVersion = 16.0.31729.503
MinimumVisualStudioVersion = 10.0.40219.1
Project("{FAE04EC0-301F-11D3-BF4B-00C04F79EFBC}") = "Lab.3CS", "Lab.3CS\Lab.3CS.csproj", "{44EFB7A9-29C8-4B58-A2F8-B101592EB269}"
EndProject
Global
	GlobalSection(SolutionConfigurationPlatforms) = preSolution
		Debug|Any CPU = Debug|Any CPU
		Release|Any CPU = Release|Any CPU
	EndGlobalSection
	GlobalSection(ProjectConfigurationPlatforms) = postSolution
		{44EFB7A9-29C8-4B58-A2F8-B101592EB269}.Debug|Any CPU.ActiveCfg = Debug|Any CPU
		{44EFB7A9-29C8-4B58-A2F8-B101592EB269}.Debug|Any CPU.Build.0 = Debug|Any CPU
		{44EFB7A9-29C8-4B58-A2F8-B101592EB269}.Release|Any CPU.ActiveCfg = Release|Any CPU
		{44EFB7A9-29C8-4B58-A2F8-B101592EB269}.Release|Any CPU.Build.0 = Release|Any CPU
	EndGlobalSection
	GlobalSection(SolutionProperties) = preSolution
		HideSolutionNode = FALSE
	EndGlobalSection
	GlobalSection(ExtensibilityGlobals) = postSolution
		SolutionGuid = {3453CC88-6672-46F0-805E-2F6051593B26}
	EndGlobalSection
EndGlobal
