
Microsoft Visual Studio Solution File, Format Version 12.00
# Visual Studio Version 16
VisualStudioVersion = 16.0.29709.97
MinimumVisualStudioVersion = 10.0.40219.1
Project("{FAE04EC0-301F-11D3-BF4B-00C04F79EFBC}") = "Lab.2CS", "Lab.2CS\Lab.2CS.csproj", "{9504308D-F144-4257-BF54-A55F357C3EBC}"
EndProject
Global
	GlobalSection(SolutionConfigurationPlatforms) = preSolution
		Debug|Any CPU = Debug|Any CPU
		Release|Any CPU = Release|Any CPU
	EndGlobalSection
	GlobalSection(ProjectConfigurationPlatforms) = postSolution
		{9504308D-F144-4257-BF54-A55F357C3EBC}.Debug|Any CPU.ActiveCfg = Debug|Any CPU
		{9504308D-F144-4257-BF54-A55F357C3EBC}.Debug|Any CPU.Build.0 = Debug|Any CPU
		{9504308D-F144-4257-BF54-A55F357C3EBC}.Release|Any CPU.ActiveCfg = Release|Any CPU
		{9504308D-F144-4257-BF54-A55F357C3EBC}.Release|Any CPU.Build.0 = Release|Any CPU
	EndGlobalSection
	GlobalSection(SolutionProperties) = preSolution
		HideSolutionNode = FALSE
	EndGlobalSection
	GlobalSection(ExtensibilityGlobals) = postSolution
		SolutionGuid = {A88BFE20-72B5-44BF-A0CB-65B006E5C439}
	EndGlobalSection
EndGlobal
